
Microsoft Visual Studio Solution File, Format Version 12.00
# Visual Studio 15
VisualStudioVersion = 15.0.28307.1259
MinimumVisualStudioVersion = 10.0.40219.1
Project("{FAE04EC0-301F-11D3-BF4B-00C04F79EFBC}") = "AudenQaTest", "AudenQaTest\AudenQaTest.csproj", "{035445BD-6301-487B-8B22-9266105EEAA8}"
EndProject
Global
	GlobalSection(SolutionConfigurationPlatforms) = preSolution
		Debug|Any CPU = Debug|Any CPU
		Release|Any CPU = Release|Any CPU
	EndGlobalSection
	GlobalSection(ProjectConfigurationPlatforms) = postSolution
		{035445BD-6301-487B-8B22-9266105EEAA8}.Debug|Any CPU.ActiveCfg = Debug|Any CPU
		{035445BD-6301-487B-8B22-9266105EEAA8}.Debug|Any CPU.Build.0 = Debug|Any CPU
		{035445BD-6301-487B-8B22-9266105EEAA8}.Release|Any CPU.ActiveCfg = Release|Any CPU
		{035445BD-6301-487B-8B22-9266105EEAA8}.Release|Any CPU.Build.0 = Release|Any CPU
	EndGlobalSection
	GlobalSection(SolutionProperties) = preSolution
		HideSolutionNode = FALSE
	EndGlobalSection
	GlobalSection(ExtensibilityGlobals) = postSolution
		SolutionGuid = {919CA204-4163-49F2-99B4-96DB8EDC7905}
	EndGlobalSection
EndGlobal
